
Microsoft Visual Studio Solution File, Format Version 12.00
# Visual Studio 14
VisualStudioVersion = 14.0.23107.0
MinimumVisualStudioVersion = 10.0.40219.1
Project("{FAE04EC0-301F-11D3-BF4B-00C04F79EFBC}") = "InformationSecurityScorecard.Logging", "InformationSecurityScorecard.Logging\InformationSecurityScorecard.Logging.csproj", "{49B11C9F-D99C-40BA-93BD-430F108E8151}"
EndProject
Project("{2150E333-8FDC-42A3-9474-1A3956D46DE8}") = "UnitTests", "UnitTests", "{DEB12A9C-4C57-4D57-80E0-FDFE081D4552}"
EndProject
Project("{FAE04EC0-301F-11D3-BF4B-00C04F79EFBC}") = "InformationSecurityScorecard.UnitTests", "InformationSecurityScorecard.UnitTests\InformationSecurityScorecard.UnitTests.csproj", "{72CB2BBB-77F4-45AC-95DF-4FA79653EE8B}"
EndProject
Project("{FAE04EC0-301F-11D3-BF4B-00C04F79EFBC}") = "InformationSecurityScorecard.WebApplication", "InformationSecurityScorecard.WebApplication\InformationSecurityScorecard.WebApplication.csproj", "{646D1406-4C37-4580-9BF9-D2259E395804}"
EndProject
Project("{FAE04EC0-301F-11D3-BF4B-00C04F79EFBC}") = "InformationSecurityScorecard.CommunicationModule", "InformationSecurityScorecard.CommunicationModule\InformationSecurityScorecard.CommunicationModule.csproj", "{2C81F1CB-E934-4863-877F-6AED43F0953A}"
EndProject
Project("{FAE04EC0-301F-11D3-BF4B-00C04F79EFBC}") = "InformationSecurityScorecard.Entities", "InformationSecurityScorecard.Entities\InformationSecurityScorecard.Entities.csproj", "{B4B8681A-4702-41B6-8651-835D908CBFB1}"
EndProject
Project("{FAE04EC0-301F-11D3-BF4B-00C04F79EFBC}") = "InformationSecurityScorecard.DataAccess", "InformationSecurityScorecard.DataAccess\InformationSecurityScorecard.DataAccess.csproj", "{B3637FA4-BBDB-4DA9-A010-9B63CDCFEB35}"
EndProject
Project("{FAE04EC0-301F-11D3-BF4B-00C04F79EFBC}") = "InformationSecurityScorecard.Implementations", "InformationSecurityScorecard.Implementations\InformationSecurityScorecard.Implementations.csproj", "{9E7BB6BE-7237-4E28-986A-5E14B5791CF2}"
EndProject
Project("{FAE04EC0-301F-11D3-BF4B-00C04F79EFBC}") = "InformationSecurityScorecard.AdminUtility", "InformationSecurityScorecard.AdminUtility\InformationSecurityScorecard.AdminUtility.csproj", "{B3BDBC9E-6C1F-41CA-9E34-7EA42064B532}"
EndProject
Project("{FAE04EC0-301F-11D3-BF4B-00C04F79EFBC}") = "InformationSecurityScorecard.DocumentGeneration", "InformationSecurityScorecard.DocumentGeneration\InformationSecurityScorecard.DocumentGeneration.csproj", "{9F23AF9E-54FA-495A-9510-DA5EB3646428}"
EndProject
Global
	GlobalSection(SolutionConfigurationPlatforms) = preSolution
		Debug|Any CPU = Debug|Any CPU
		Release|Any CPU = Release|Any CPU
	EndGlobalSection
	GlobalSection(ProjectConfigurationPlatforms) = postSolution
		{49B11C9F-D99C-40BA-93BD-430F108E8151}.Debug|Any CPU.ActiveCfg = Debug|Any CPU
		{49B11C9F-D99C-40BA-93BD-430F108E8151}.Debug|Any CPU.Build.0 = Debug|Any CPU
		{49B11C9F-D99C-40BA-93BD-430F108E8151}.Release|Any CPU.ActiveCfg = Release|Any CPU
		{49B11C9F-D99C-40BA-93BD-430F108E8151}.Release|Any CPU.Build.0 = Release|Any CPU
		{72CB2BBB-77F4-45AC-95DF-4FA79653EE8B}.Debug|Any CPU.ActiveCfg = Debug|Any CPU
		{72CB2BBB-77F4-45AC-95DF-4FA79653EE8B}.Debug|Any CPU.Build.0 = Debug|Any CPU
		{72CB2BBB-77F4-45AC-95DF-4FA79653EE8B}.Release|Any CPU.ActiveCfg = Release|Any CPU
		{72CB2BBB-77F4-45AC-95DF-4FA79653EE8B}.Release|Any CPU.Build.0 = Release|Any CPU
		{646D1406-4C37-4580-9BF9-D2259E395804}.Debug|Any CPU.ActiveCfg = Debug|Any CPU
		{646D1406-4C37-4580-9BF9-D2259E395804}.Debug|Any CPU.Build.0 = Debug|Any CPU
		{646D1406-4C37-4580-9BF9-D2259E395804}.Release|Any CPU.ActiveCfg = Release|Any CPU
		{646D1406-4C37-4580-9BF9-D2259E395804}.Release|Any CPU.Build.0 = Release|Any CPU
		{2C81F1CB-E934-4863-877F-6AED43F0953A}.Debug|Any CPU.ActiveCfg = Debug|Any CPU
		{2C81F1CB-E934-4863-877F-6AED43F0953A}.Debug|Any CPU.Build.0 = Debug|Any CPU
		{2C81F1CB-E934-4863-877F-6AED43F0953A}.Release|Any CPU.ActiveCfg = Release|Any CPU
		{2C81F1CB-E934-4863-877F-6AED43F0953A}.Release|Any CPU.Build.0 = Release|Any CPU
		{B4B8681A-4702-41B6-8651-835D908CBFB1}.Debug|Any CPU.ActiveCfg = Debug|Any CPU
		{B4B8681A-4702-41B6-8651-835D908CBFB1}.Debug|Any CPU.Build.0 = Debug|Any CPU
		{B4B8681A-4702-41B6-8651-835D908CBFB1}.Release|Any CPU.ActiveCfg = Release|Any CPU
		{B4B8681A-4702-41B6-8651-835D908CBFB1}.Release|Any CPU.Build.0 = Release|Any CPU
		{B3637FA4-BBDB-4DA9-A010-9B63CDCFEB35}.Debug|Any CPU.ActiveCfg = Debug|Any CPU
		{B3637FA4-BBDB-4DA9-A010-9B63CDCFEB35}.Debug|Any CPU.Build.0 = Debug|Any CPU
		{B3637FA4-BBDB-4DA9-A010-9B63CDCFEB35}.Release|Any CPU.ActiveCfg = Release|Any CPU
		{B3637FA4-BBDB-4DA9-A010-9B63CDCFEB35}.Release|Any CPU.Build.0 = Release|Any CPU
		{9E7BB6BE-7237-4E28-986A-5E14B5791CF2}.Debug|Any CPU.ActiveCfg = Debug|Any CPU
		{9E7BB6BE-7237-4E28-986A-5E14B5791CF2}.Debug|Any CPU.Build.0 = Debug|Any CPU
		{9E7BB6BE-7237-4E28-986A-5E14B5791CF2}.Release|Any CPU.ActiveCfg = Release|Any CPU
		{9E7BB6BE-7237-4E28-986A-5E14B5791CF2}.Release|Any CPU.Build.0 = Release|Any CPU
		{B3BDBC9E-6C1F-41CA-9E34-7EA42064B532}.Debug|Any CPU.ActiveCfg = Debug|Any CPU
		{B3BDBC9E-6C1F-41CA-9E34-7EA42064B532}.Debug|Any CPU.Build.0 = Debug|Any CPU
		{B3BDBC9E-6C1F-41CA-9E34-7EA42064B532}.Release|Any CPU.ActiveCfg = Release|Any CPU
		{B3BDBC9E-6C1F-41CA-9E34-7EA42064B532}.Release|Any CPU.Build.0 = Release|Any CPU
		{9F23AF9E-54FA-495A-9510-DA5EB3646428}.Debug|Any CPU.ActiveCfg = Debug|Any CPU
		{9F23AF9E-54FA-495A-9510-DA5EB3646428}.Debug|Any CPU.Build.0 = Debug|Any CPU
		{9F23AF9E-54FA-495A-9510-DA5EB3646428}.Release|Any CPU.ActiveCfg = Release|Any CPU
		{9F23AF9E-54FA-495A-9510-DA5EB3646428}.Release|Any CPU.Build.0 = Release|Any CPU
	EndGlobalSection
	GlobalSection(SolutionProperties) = preSolution
		HideSolutionNode = FALSE
	EndGlobalSection
	GlobalSection(NestedProjects) = preSolution
		{72CB2BBB-77F4-45AC-95DF-4FA79653EE8B} = {DEB12A9C-4C57-4D57-80E0-FDFE081D4552}
	EndGlobalSection
EndGlobal
